version = 1
revision = 5
requires-python = ">=3.9"

[[package]]
name = "attrs"
version = "23.1.0"
source = { registry = "https://pypi.org/simple" }
sdist = { url = "https://files.pythonhosted.org/packages/97/90/81f95d5f705be17872843536b1868f351805acf6971251ff07c1b8334dbb/attrs-23.1.0.tar.gz", hash = "sha256:6279836d581513a26f1bf235f9acd333bc9115683f14f7e8fae46c98fc50e015", size = 212878, upload-time = "2023-04-16T10:48:18.214Z" }
wheels = [
    { url = "https://files.pythonhosted.org/packages/f0/eb/fcb708c7bf5056045e9e98f62b93bd7467eb718b0202e7698eb11d66416c/attrs-23.1.0-py3-none-any.whl", hash = "sha256:1f28b4522cdc2fb4256ac1a020c78acf9cba2c6b461ccd2c126f3aa8e8335d04", size = 61160, upload-time = "2023-04-16T10:48:16.358Z" },
]

[[package]]
name = "docutils"
version = "0.20.1"
source = { registry = "https://pypi.org/simple" }
sdist = { url = "https://files.pythonhosted.org/packages/1f/53/a5da4f2c5739cf66290fac1431ee52aff6851c7c8ffd8264f13affd7bcdd/docutils-0.20.1.tar.gz", hash = "sha256:f08a4e276c3a1583a86dce3e34aba3fe04d02bba2dd51ed16106244e8a923e3b", size = 2058365, upload-time = "2023-05-16T23:39:19.748Z" }
wheels = [
    { url = "https://files.pythonhosted.org/packages/26/87/f238c0670b94533ac0353a4e2a1a771a0cc73277b88bff23d3ae35a256c1/docutils-0.20.1-py3-none-any.whl", hash = "sha256:96f387a2c5562db4476f09f13bbab2192e764cac08ebbf3a34a95d9b1e4a59d6", size = 572666, upload-time = "2023-05-16T23:39:15.976Z" },
]

[[package]]
name = "idna"
version = "3.4"
source = { registry = "https://pypi.org/simple" }
sdist = { url = "https://files.pythonhosted.org/packages/8b/e1/43beb3d38dba6cb420cefa297822eac205a277ab43e5ba5d5c46faf96438/idna-3.4.tar.gz", hash = "sha256:814f528e8dead7d329833b91c5faa87d60bf71824cd12a7530b5526063d02cb4", size = 183077, upload-time = "2022-09-14T00:24:27.719Z" }
wheels = [
    { url = "https://files.pythonhosted.org/packages/fc/34/3030de6f1370931b9dbb4dad48f6ab1015ab1d32447850b9fc94e60097be/idna-3.4-py3-none-any.whl", hash = "sha256:90b77e79eaa3eba6de819a0c442c0b4ceefc341a7a2ab77d7562bf49f425c5c2", size = 61538, upload-time = "2022-09-14T00:24:23.22Z" },
]

[[package]]
name = "pyparsing"
version = "2.4.7"
source = { registry = "https://pypi.org/simple" }
sdist = { url = "https://files.pythonhosted.org/packages/c1/47/dfc9c342c9842bbe0036c7f763d2d6686bcf5eb1808ba3e170afdb282210/pyparsing-2.4.7.tar.gz", hash = "sha256:c203ec8783bf771a155b207279b9bccb8dea02d8f0c9e5f8ead507bc3246ecc1", size = 649718, upload-time = "2020-04-05T22:21:25.349Z" }
wheels = [
    { url = "https://files.pythonhosted.org/packages/8a/bb/488841f56197b13700afd5658fc279a2025a39e22449b7cf29864669b15d/pyparsing-2.4.7-py2.py3-none-any.whl", hash = "sha256:ef9d7589ef3c200abe66653d3f1ab1033c3c419ae9b9bdb1240a85b024efc88b", size = 67842, upload-time = "2020-04-05T22:21:22.897Z" },
]

[[package]]
name = "regression-update-strategies-pypi"
version = "1.0.0"
source = { virtual = "." }
dependencies = [
    { name = "attrs" },
    { name = "docutils" },
    { name = "idna" },
    { name = "pyparsing" },
    { name = "sqlparse" },
]

[package.metadata]
requires-dist = [
    { name = "attrs", specifier = "==23.1.0" },
    { name = "docutils", specifier = ">=0.20,<0.22" },
    { name = "idna", specifier = ">=3.0,<4" },
    { name = "pyparsing", specifier = ">=2.4,<3" },
    { name = "sqlparse", specifier = ">=0.4,<0.5" },
]

[[package]]
name = "sqlparse"
version = "0.4.3"
source = { registry = "https://pypi.org/simple" }
sdist = { url = "https://files.pythonhosted.org/packages/ba/fa/5b7662b04b69f3a34b8867877e4dbf2a37b7f2a5c0bbb5a9eed64efd1ad1/sqlparse-0.4.3.tar.gz", hash = "sha256:69ca804846bb114d2ec380e4360a8a340db83f0ccf3afceeb1404df028f57268", size = 70771, upload-time = "2022-09-23T18:41:23.241Z" }
wheels = [
    { url = "https://files.pythonhosted.org/packages/97/d3/31dd2c3e48fc2060819f4acb0686248250a0f2326356306b38a42e059144/sqlparse-0.4.3-py3-none-any.whl", hash = "sha256:0323c0ec29cd52bceabc1b4d9d579e311f3e4961b98d174201d5622a23b85e34", size = 42768, upload-time = "2022-09-23T18:41:20.351Z" },
]
